PODS:
  - Capacitor (6.2.1):
    - CapacitorCordova
  - CapacitorCommunityMdmAppconfig (6.0.0):
    - Capacitor
  - CapacitorCordova (6.2.1)
  - CapacitorHaptics (6.0.3):
    - Capacitor

DEPENDENCIES:
  - "Capacitor (from `../../node_modules/@capacitor/ios`)"
  - "CapacitorCommunityMdmAppconfig (from `../../node_modules/@capacitor-community/mdm-appconfig`)"
  - "CapacitorCordova (from `../../node_modules/@capacitor/ios`)"
  - "CapacitorHaptics (from `../../node_modules/@capacitor/haptics`)"

EXTERNAL SOURCES:
  Capacitor:
    :path: "../../node_modules/@capacitor/ios"
  CapacitorCommunityMdmAppconfig:
    :path: "../../node_modules/@capacitor-community/mdm-appconfig"
  CapacitorCordova:
    :path: "../../node_modules/@capacitor/ios"
  CapacitorHaptics:
    :path: "../../node_modules/@capacitor/haptics"

SPEC CHECKSUMS:
  Capacitor: c95400d761e376be9da6be5a05f226c0e865cebf
  CapacitorCommunityMdmAppconfig: 20d10677f983a952c34dc5a0bbad3958c79125b1
  CapacitorCordova: 8d93e14982f440181be7304aa9559ca631d77fff
  CapacitorHaptics: 40f83026feeee9cfe36e89e9c98a3baaaf20c450

PODFILE CHECKSUM: 5f2ad237371f4fd2cdf8548cad7ae93abadebb09

COCOAPODS: 1.16.2
